
Microsoft Visual Studio Solution File, Format Version 12.00
# Visual Studio Version 17
VisualStudioVersion = 17.9.34714.143
MinimumVisualStudioVersion = 10.0.40219.1
Project("{FAE04EC0-301F-11D3-BF4B-00C04F79EFBC}") = "azure-sdk-samples-for-net", "azure-sdk-samples-for-net.csproj", "{D991BD19-982A-4B6E-AF32-797905489315}"
EndProject
Global
	GlobalSection(SolutionConfigurationPlatforms) = preSolution
		Debug|Any CPU = Debug|Any CPU
		Release|Any CPU = Release|Any CPU
	EndGlobalSection
	GlobalSection(ProjectConfigurationPlatforms) = postSolution
		{D991BD19-982A-4B6E-AF32-797905489315}.Debug|Any CPU.ActiveCfg = Debug|Any CPU
		{D991BD19-982A-4B6E-AF32-797905489315}.Debug|Any CPU.Build.0 = Debug|Any CPU
		{D991BD19-982A-4B6E-AF32-797905489315}.Release|Any CPU.ActiveCfg = Release|Any CPU
		{D991BD19-982A-4B6E-AF32-797905489315}.Release|Any CPU.Build.0 = Release|Any CPU
	EndGlobalSection
	GlobalSection(SolutionProperties) = preSolution
		HideSolutionNode = FALSE
	EndGlobalSection
	GlobalSection(ExtensibilityGlobals) = postSolution
		SolutionGuid = {0348122E-8F13-47E7-84E0-239008D6F971}
	EndGlobalSection
EndGlobal
